// !$*UTF8*$!
{
	archiveVersion = 1;
	classes = {
	};
	objectVersion = 55;
	objects = {

/* Begin PBXBuildFile section */
		B6197DF72789CE64000DEE77 /* Parser.swift in Sources */ = {isa = PBXBuildFile; fileRef = B6197DF62789CE64000DEE77 /* Parser.swift */; };
		B6197DFA2789D655000DEE77 /* LogEntry.swift in Sources */ = {isa = PBXBuildFile; fileRef = B6197DF92789D655000DEE77 /* LogEntry.swift */; };
		B6197DFC2789D67D000DEE77 /* LogType.swift in Sources */ = {isa = PBXBuildFile; fileRef = B6197DFB2789D67D000DEE77 /* LogType.swift */; };
		B6197DFF2789D719000DEE77 /* DateCreator.swift in Sources */ = {isa = PBXBuildFile; fileRef = B6197DFE2789D719000DEE77 /* DateCreator.swift */; };
		B624F9A4278F6CCA004D186B /* ArgumentParser in Frameworks */ = {isa = PBXBuildFile; productRef = B624F9A3278F6CCA004D186B /* ArgumentParser */; };
		B625EE45278CC25D00A4EBB0 /* DependencyContainer.swift in Sources */ = {isa = PBXBuildFile; fileRef = B625EE44278CC25D00A4EBB0 /* DependencyContainer.swift */; };
		B65D821C2789B13500BBCDB1 /* main.swift in Sources */ = {isa = PBXBuildFile; fileRef = B65D821B2789B13500BBCDB1 /* main.swift */; };
		B65D82252789BB5F00BBCDB1 /* Commander.swift in Sources */ = {isa = PBXBuildFile; fileRef = B65D82242789BB5F00BBCDB1 /* Commander.swift */; };
		B65D82272789C6D100BBCDB1 /* Runner.swift in Sources */ = {isa = PBXBuildFile; fileRef = B65D82262789C6D100BBCDB1 /* Runner.swift */; };
		B6666B45278A3A7B0048AA81 /* Painter.swift in Sources */ = {isa = PBXBuildFile; fileRef = B6666B44278A3A7B0048AA81 /* Painter.swift */; };
		B6666B47278A3C7B0048AA81 /* ANSIColor.swift in Sources */ = {isa = PBXBuildFile; fileRef = B6666B46278A3C7B0048AA81 /* ANSIColor.swift */; };
		B6666B4A278A3D030048AA81 /* String.swift in Sources */ = {isa = PBXBuildFile; fileRef = B6666B49278A3D030048AA81 /* String.swift */; };
		B6F0FBC62790B03D0022250F /* StringExtension.swift in Sources */ = {isa = PBXBuildFile; fileRef = B6F0FBC52790B03C0022250F /* StringExtension.swift */; };
/* End PBXBuildFile section */

/* Begin PBXCopyFilesBuildPhase section */
		B65D82162789B13500BBCDB1 /* CopyFiles */ = {
			isa = PBXCopyFilesBuildPhase;
			buildActionMask = 2147483647;
			dstPath = /usr/share/man/man1/;
			dstSubfolderSpec = 0;
			files = (
			);
			runOnlyForDeploymentPostprocessing = 1;
		};
/* End PBXCopyFilesBuildPhase section */

/* Begin PBXFileReference section */
		B6197DF62789CE64000DEE77 /* Parser.swift */ = {isa = PBXFileReference; lastKnownFileType = sourcecode.swift; path = Parser.swift; sourceTree = "<group>"; };
		B6197DF92789D655000DEE77 /* LogEntry.swift */ = {isa = PBXFileReference; lastKnownFileType = sourcecode.swift; path = LogEntry.swift; sourceTree = "<group>"; };
		B6197DFB2789D67D000DEE77 /* LogType.swift */ = {isa = PBXFileReference; lastKnownFileType = sourcecode.swift; path = LogType.swift; sourceTree = "<group>"; };
		B6197DFE2789D719000DEE77 /* DateCreator.swift */ = {isa = PBXFileReference; lastKnownFileType = sourcecode.swift; path = DateCreator.swift; sourceTree = "<group>"; };
		B625EE44278CC25D00A4EBB0 /* DependencyContainer.swift */ = {isa = PBXFileReference; lastKnownFileType = sourcecode.swift; path = DependencyContainer.swift; sourceTree = "<group>"; };
		B65D82182789B13500BBCDB1 /* xcode-colorful-log */ = {isa = PBXFileReference; explicitFileType = "compiled.mach-o.executable"; includeInIndex = 0; path = "xcode-colorful-log"; sourceTree = BUILT_PRODUCTS_DIR; };
		B65D821B2789B13500BBCDB1 /* main.swift */ = {isa = PBXFileReference; lastKnownFileType = sourcecode.swift; path = main.swift; sourceTree = "<group>"; };
		B65D82242789BB5F00BBCDB1 /* Commander.swift */ = {isa = PBXFileReference; lastKnownFileType = sourcecode.swift; path = Commander.swift; sourceTree = "<group>"; };
		B65D82262789C6D100BBCDB1 /* Runner.swift */ = {isa = PBXFileReference; lastKnownFileType = sourcecode.swift; path = Runner.swift; sourceTree = "<group>"; };
		B6666B44278A3A7B0048AA81 /* Painter.swift */ = {isa = PBXFileReference; lastKnownFileType = sourcecode.swift; path = Painter.swift; sourceTree = "<group>"; };
		B6666B46278A3C7B0048AA81 /* ANSIColor.swift */ = {isa = PBXFileReference; lastKnownFileType = sourcecode.swift; path = ANSIColor.swift; sourceTree = "<group>"; };
		B6666B49278A3D030048AA81 /* String.swift */ = {isa = PBXFileReference; lastKnownFileType = sourcecode.swift; path = String.swift; sourceTree = "<group>"; };
		B6F0FBC52790B03C0022250F /* StringExtension.swift */ = {isa = PBXFileReference; lastKnownFileType = sourcecode.swift; path = StringExtension.swift; sourceTree = "<group>"; };
/* End PBXFileReference section */

/* Begin PBXFrameworksBuildPhase section */
		B65D82152789B13500BBCDB1 /* Frameworks */ = {
			isa = PBXFrameworksBuildPhase;
			buildActionMask = 2147483647;
			files = (
				B624F9A4278F6CCA004D186B /* ArgumentParser in Frameworks */,
			);
			runOnlyForDeploymentPostprocessing = 0;
		};
/* End PBXFrameworksBuildPhase section */

/* Begin PBXGroup section */
		B6197DF82789D63E000DEE77 /* Model */ = {
			isa = PBXGroup;
			children = (
				B6197DF92789D655000DEE77 /* LogEntry.swift */,
				B6197DFB2789D67D000DEE77 /* LogType.swift */,
			);
			path = Model;
			sourceTree = "<group>";
		};
		B6197DFD2789D6FD000DEE77 /* Manager */ = {
			isa = PBXGroup;
			children = (
				B6197DFE2789D719000DEE77 /* DateCreator.swift */,
				B6666B46278A3C7B0048AA81 /* ANSIColor.swift */,
			);
			path = Manager;
			sourceTree = "<group>";
		};
		B65D820F2789B13500BBCDB1 = {
			isa = PBXGroup;
			children = (
				B65D821A2789B13500BBCDB1 /* xcode-colorful-log */,
				B65D82192789B13500BBCDB1 /* Products */,
			);
			sourceTree = "<group>";
		};
		B65D82192789B13500BBCDB1 /* Products */ = {
			isa = PBXGroup;
			children = (
				B65D82182789B13500BBCDB1 /* xcode-colorful-log */,
			);
			name = Products;
			sourceTree = "<group>";
		};
		B65D821A2789B13500BBCDB1 /* xcode-colorful-log */ = {
			isa = PBXGroup;
			children = (
				B65D821B2789B13500BBCDB1 /* main.swift */,
				B6F0FBC42790B0000022250F /* Source */,
				B6666B48278A3CF40048AA81 /* Extension */,
				B6197DFD2789D6FD000DEE77 /* Manager */,
				B6197DF82789D63E000DEE77 /* Model */,
				B65D82262789C6D100BBCDB1 /* Runner.swift */,
				B65D82242789BB5F00BBCDB1 /* Commander.swift */,
				B6197DF62789CE64000DEE77 /* Parser.swift */,
				B6666B44278A3A7B0048AA81 /* Painter.swift */,
				B625EE44278CC25D00A4EBB0 /* DependencyContainer.swift */,
			);
			path = "xcode-colorful-log";
			sourceTree = "<group>";
		};
		B6666B48278A3CF40048AA81 /* Extension */ = {
			isa = PBXGroup;
			children = (
				B6666B49278A3D030048AA81 /* String.swift */,
			);
			path = Extension;
			sourceTree = "<group>";
		};
		B6F0FBC42790B0000022250F /* Source */ = {
			isa = PBXGroup;
			children = (
				B6F0FBC52790B03C0022250F /* StringExtension.swift */,
			);
			path = Source;
			sourceTree = "<group>";
		};
/* End PBXGroup section */

/* Begin PBXNativeTarget section */
		B65D82172789B13500BBCDB1 /* xcode-colorful-log */ = {
			isa = PBXNativeTarget;
			buildConfigurationList = B65D821F2789B13500BBCDB1 /* Build configuration list for PBXNativeTarget "xcode-colorful-log" */;
			buildPhases = (
				B65D82142789B13500BBCDB1 /* Sources */,
				B65D82152789B13500BBCDB1 /* Frameworks */,
				B65D82162789B13500BBCDB1 /* CopyFiles */,
			);
			buildRules = (
			);
			dependencies = (
			);
			name = "xcode-colorful-log";
			packageProductDependencies = (
				B624F9A3278F6CCA004D186B /* ArgumentParser */,
			);
			productName = "xcode-colorful-log";
			productReference = B65D82182789B13500BBCDB1 /* xcode-colorful-log */;
			productType = "com.apple.product-type.tool";
		};
/* End PBXNativeTarget section */

/* Begin PBXProject section */
		B65D82102789B13500BBCDB1 /* Project object */ = {
			isa = PBXProject;
			attributes = {
				BuildIndependentTargetsInParallel = 1;
				LastSwiftUpdateCheck = 1310;
				LastUpgradeCheck = 1310;
				TargetAttributes = {
					B65D82172789B13500BBCDB1 = {
						CreatedOnToolsVersion = 13.1;
					};
				};
			};
			buildConfigurationList = B65D82132789B13500BBCDB1 /* Build configuration list for PBXProject "xcode-colorful-log" */;
			compatibilityVersion = "Xcode 13.0";
			developmentRegion = en;
			hasScannedForEncodings = 0;
			knownRegions = (
				en,
				Base,
			);
			mainGroup = B65D820F2789B13500BBCDB1;
			packageReferences = (
				B624F9A2278F6CCA004D186B /* XCRemoteSwiftPackageReference "swift-argument-parser" */,
			);
			productRefGroup = B65D82192789B13500BBCDB1 /* Products */;
			projectDirPath = "";
			projectRoot = "";
			targets = (
				B65D82172789B13500BBCDB1 /* xcode-colorful-log */,
			);
		};
/* End PBXProject section */

/* Begin PBXSourcesBuildPhase section */
		B65D82142789B13500BBCDB1 /* Sources */ = {
			isa = PBXSourcesBuildPhase;
			buildActionMask = 2147483647;
			files = (
				B65D82272789C6D100BBCDB1 /* Runner.swift in Sources */,
				B6197DF72789CE64000DEE77 /* Parser.swift in Sources */,
				B6666B4A278A3D030048AA81 /* String.swift in Sources */,
				B6666B47278A3C7B0048AA81 /* ANSIColor.swift in Sources */,
				B6197DFC2789D67D000DEE77 /* LogType.swift in Sources */,
				B625EE45278CC25D00A4EBB0 /* DependencyContainer.swift in Sources */,
				B6666B45278A3A7B0048AA81 /* Painter.swift in Sources */,
				B65D821C2789B13500BBCDB1 /* main.swift in Sources */,
				B6F0FBC62790B03D0022250F /* StringExtension.swift in Sources */,
				B6197DFF2789D719000DEE77 /* DateCreator.swift in Sources */,
				B65D82252789BB5F00BBCDB1 /* Commander.swift in Sources */,
				B6197DFA2789D655000DEE77 /* LogEntry.swift in Sources */,
			);
			runOnlyForDeploymentPostprocessing = 0;
		};
/* End PBXSourcesBuildPhase section */

/* Begin XCBuildConfiguration section */
		B65D821D2789B13500BBCDB1 /* Debug */ = {
			isa = XCBuildConfiguration;
			buildSettings = {
				ALWAYS_SEARCH_USER_PATHS = NO;
				CLANG_ANALYZER_NONNULL = YES;
				CLANG_ANALYZER_NUMBER_OBJECT_CONVERSION = YES_AGGRESSIVE;
				CLANG_CXX_LANGUAGE_STANDARD = "gnu++17";
				CLANG_CXX_LIBRARY = "libc++";
				CLANG_ENABLE_MODULES = YES;
				CLANG_ENABLE_OBJC_ARC = YES;
				CLANG_ENABLE_OBJC_WEAK = YES;
				CLANG_WARN_BLOCK_CAPTURE_AUTORELEASING = YES;
				CLANG_WARN_BOOL_CONVERSION = YES;
				CLANG_WARN_COMMA = YES;
				CLANG_WARN_CONSTANT_CONVERSION = YES;
				CLANG_WARN_DEPRECATED_OBJC_IMPLEMENTATIONS = YES;
				CLANG_WARN_DIRECT_OBJC_ISA_USAGE = YES_ERROR;
				CLANG_WARN_DOCUMENTATION_COMMENTS = YES;
				CLANG_WARN_EMPTY_BODY = YES;
				CLANG_WARN_ENUM_CONVERSION = YES;
				CLANG_WARN_INFINITE_RECURSION = YES;
				CLANG_WARN_INT_CONVERSION = YES;
				CLANG_WARN_NON_LITERAL_NULL_CONVERSION = YES;
				CLANG_WARN_OBJC_IMPLICIT_RETAIN_SELF = YES;
				CLANG_WARN_OBJC_LITERAL_CONVERSION = YES;
				CLANG_WARN_OBJC_ROOT_CLASS = YES_ERROR;
				CLANG_WARN_QUOTED_INCLUDE_IN_FRAMEWORK_HEADER = YES;
				CLANG_WARN_RANGE_LOOP_ANALYSIS = YES;
				CLANG_WARN_STRICT_PROTOTYPES = YES;
				CLANG_WARN_SUSPICIOUS_MOVE = YES;
				CLANG_WARN_UNGUARDED_AVAILABILITY = YES_AGGRESSIVE;
				CLANG_WARN_UNREACHABLE_CODE = YES;
				CLANG_WARN__DUPLICATE_METHOD_MATCH = YES;
				COPY_PHASE_STRIP = NO;
				DEBUG_INFORMATION_FORMAT = dwarf;
				ENABLE_STRICT_OBJC_MSGSEND = YES;
				ENABLE_TESTABILITY = YES;
				GCC_C_LANGUAGE_STANDARD = gnu11;
				GCC_DYNAMIC_NO_PIC = NO;
				GCC_NO_COMMON_BLOCKS = YES;
				GCC_OPTIMIZATION_LEVEL = 0;
				GCC_PREPROCESSOR_DEFINITIONS = (
					"DEBUG=1",
					"$(inherited)",
				);
				GCC_WARN_64_TO_32_BIT_CONVERSION = YES;
				GCC_WARN_ABOUT_RETURN_TYPE = YES_ERROR;
				GCC_WARN_UNDECLARED_SELECTOR = YES;
				GCC_WARN_UNINITIALIZED_AUTOS = YES_AGGRESSIVE;
				GCC_WARN_UNUSED_FUNCTION = YES;
				GCC_WARN_UNUSED_VARIABLE = YES;
				MACOSX_DEPLOYMENT_TARGET = 12.0;
				MTL_ENABLE_DEBUG_INFO = INCLUDE_SOURCE;
				MTL_FAST_MATH = YES;
				ONLY_ACTIVE_ARCH = YES;
				SDKROOT = macosx;
				SWIFT_ACTIVE_COMPILATION_CONDITIONS = DEBUG;
				SWIFT_OPTIMIZATION_LEVEL = "-Onone";
			};
			name = Debug;
		};
		B65D821E2789B13500BBCDB1 /* Release */ = {
			isa = XCBuildConfiguration;
			buildSettings = {
				ALWAYS_SEARCH_USER_PATHS = NO;
				CLANG_ANALYZER_NONNULL = YES;
				CLANG_ANALYZER_NUMBER_OBJECT_CONVERSION = YES_AGGRESSIVE;
				CLANG_CXX_LANGUAGE_STANDARD = "gnu++17";
				CLANG_CXX_LIBRARY = "libc++";
				CLANG_ENABLE_MODULES = YES;
				CLANG_ENABLE_OBJC_ARC = YES;
				CLANG_ENABLE_OBJC_WEAK = YES;
				CLANG_WARN_BLOCK_CAPTURE_AUTORELEASING = YES;
				CLANG_WARN_BOOL_CONVERSION = YES;
				CLANG_WARN_COMMA = YES;
				CLANG_WARN_CONSTANT_CONVERSION = YES;
				CLANG_WARN_DEPRECATED_OBJC_IMPLEMENTATIONS = YES;
				CLANG_WARN_DIRECT_OBJC_ISA_USAGE = YES_ERROR;
				CLANG_WARN_DOCUMENTATION_COMMENTS = YES;
				CLANG_WARN_EMPTY_BODY = YES;
				CLANG_WARN_ENUM_CONVERSION = YES;
				CLANG_WARN_INFINITE_RECURSION = YES;
				CLANG_WARN_INT_CONVERSION = YES;
				CLANG_WARN_NON_LITERAL_NULL_CONVERSION = YES;
				CLANG_WARN_OBJC_IMPLICIT_RETAIN_SELF = YES;
				CLANG_WARN_OBJC_LITERAL_CONVERSION = YES;
				CLANG_WARN_OBJC_ROOT_CLASS = YES_ERROR;
				CLANG_WARN_QUOTED_INCLUDE_IN_FRAMEWORK_HEADER = YES;
				CLANG_WARN_RANGE_LOOP_ANALYSIS = YES;
				CLANG_WARN_STRICT_PROTOTYPES = YES;
				CLANG_WARN_SUSPICIOUS_MOVE = YES;
				CLANG_WARN_UNGUARDED_AVAILABILITY = YES_AGGRESSIVE;
				CLANG_WARN_UNREACHABLE_CODE = YES;
				CLANG_WARN__DUPLICATE_METHOD_MATCH = YES;
				COPY_PHASE_STRIP = NO;
				DEBUG_INFORMATION_FORMAT = "dwarf-with-dsym";
				ENABLE_NS_ASSERTIONS = NO;
				ENABLE_STRICT_OBJC_MSGSEND = YES;
				GCC_C_LANGUAGE_STANDARD = gnu11;
				GCC_NO_COMMON_BLOCKS = YES;
				GCC_WARN_64_TO_32_BIT_CONVERSION = YES;
				GCC_WARN_ABOUT_RETURN_TYPE = YES_ERROR;
				GCC_WARN_UNDECLARED_SELECTOR = YES;
				GCC_WARN_UNINITIALIZED_AUTOS = YES_AGGRESSIVE;
				GCC_WARN_UNUSED_FUNCTION = YES;
				GCC_WARN_UNUSED_VARIABLE = YES;
				MACOSX_DEPLOYMENT_TARGET = 12.0;
				MTL_ENABLE_DEBUG_INFO = NO;
				MTL_FAST_MATH = YES;
				SDKROOT = macosx;
				SWIFT_COMPILATION_MODE = wholemodule;
				SWIFT_OPTIMIZATION_LEVEL = "-O";
			};
			name = Release;
		};
		B65D82202789B13500BBCDB1 /* Debug */ = {
			isa = XCBuildConfiguration;
			buildSettings = {
				CODE_SIGN_STYLE = Automatic;
				PRODUCT_NAME = "$(TARGET_NAME)";
				SWIFT_VERSION = 5.0;
			};
			name = Debug;
		};
		B65D82212789B13500BBCDB1 /* Release */ = {
			isa = XCBuildConfiguration;
			buildSettings = {
				CODE_SIGN_STYLE = Automatic;
				PRODUCT_NAME = "$(TARGET_NAME)";
				SWIFT_VERSION = 5.0;
			};
			name = Release;
		};
/* End XCBuildConfiguration section */

/* Begin XCConfigurationList section */
		B65D82132789B13500BBCDB1 /* Build configuration list for PBXProject "xcode-colorful-log" */ = {
			isa = XCConfigurationList;
			buildConfigurations = (
				B65D821D2789B13500BBCDB1 /* Debug */,
				B65D821E2789B13500BBCDB1 /* Release */,
			);
			defaultConfigurationIsVisible = 0;
			defaultConfigurationName = Release;
		};
		B65D821F2789B13500BBCDB1 /* Build configuration list for PBXNativeTarget "xcode-colorful-log" */ = {
			isa = XCConfigurationList;
			buildConfigurations = (
				B65D82202789B13500BBCDB1 /* Debug */,
				B65D82212789B13500BBCDB1 /* Release */,
			);
			defaultConfigurationIsVisible = 0;
			defaultConfigurationName = Release;
		};
/* End XCConfigurationList section */

/* Begin XCRemoteSwiftPackageReference section */
		B624F9A2278F6CCA004D186B /* XCRemoteSwiftPackageReference "swift-argument-parser" */ = {
			isa = XCRemoteSwiftPackageReference;
			repositoryURL = "https://github.com/apple/swift-argument-parser.git";
			requirement = {
				kind = upToNextMajorVersion;
				minimumVersion = 1.0.0;
			};
		};
/* End XCRemoteSwiftPackageReference section */

/* Begin XCSwiftPackageProductDependency section */
		B624F9A3278F6CCA004D186B /* ArgumentParser */ = {
			isa = XCSwiftPackageProductDependency;
			package = B624F9A2278F6CCA004D186B /* XCRemoteSwiftPackageReference "swift-argument-parser" */;
			productName = ArgumentParser;
		};
/* End XCSwiftPackageProductDependency section */
	};
	rootObject = B65D82102789B13500BBCDB1 /* Project object */;
}
